<?xml version="1.0" encoding="utf-8"?>
<Project ToolsVersion="4.0" xmlns="http://schemas.microsoft.com/developer/msbuild/2003">
  <ItemGroup>
    <Filter Include="BumbuEngine">
      <UniqueIdentifier>{96F9A607-02AF-1FFD-8BA3-19D4F7571601}</UniqueIdentifier>
    </Filter>
  </ItemGroup>
  <ItemGroup>
    <ClInclude Include="src\BumbuEngine.h" />
    <ClInclude Include="src\BumbuEngine\Application.h">
      <Filter>BumbuEngine</Filter>
    </ClInclude>
    <ClInclude Include="src\BumbuEngine\Core.h">
      <Filter>BumbuEngine</Filter>
    </ClInclude>
    <ClInclude Include="src\BumbuEngine\EntryPoint.h">
      <Filter>BumbuEngine</Filter>
    </ClInclude>
    <ClInclude Include="src\BumbuEngine\Log.h">
      <Filter>BumbuEngine</Filter>
    </ClInclude>
  </ItemGroup>
  <ItemGroup>
    <ClCompile Include="src\BumbuEngine\Application.cpp">
      <Filter>BumbuEngine</Filter>
    </ClCompile>
    <ClCompile Include="src\BumbuEngine\Log.cpp">
      <Filter>BumbuEngine</Filter>
    </ClCompile>
  </ItemGroup>
</Project>